
Microsoft Visual Studio Solution File, Format Version 12.00
# Visual Studio Version 17
VisualStudioVersion = 17.10.34928.147
MinimumVisualStudioVersion = 10.0.40219.1
Project("{FAE04EC0-301F-11D3-BF4B-00C04F79EFBC}") = "ProxyScannerApp", "ProxyScannerApp\ProxyScannerApp.csproj", "{01C3BFE1-9688-4235-A9BD-994DEF3E996A}"
EndProject
Global
	GlobalSection(SolutionConfigurationPlatforms) = preSolution
		Debug|Any CPU = Debug|Any CPU
		Release|Any CPU = Release|Any CPU
	EndGlobalSection
	GlobalSection(ProjectConfigurationPlatforms) = postSolution
		{01C3BFE1-9688-4235-A9BD-994DEF3E996A}.Debug|Any CPU.ActiveCfg = Debug|Any CPU
		{01C3BFE1-9688-4235-A9BD-994DEF3E996A}.Debug|Any CPU.Build.0 = Debug|Any CPU
		{01C3BFE1-9688-4235-A9BD-994DEF3E996A}.Release|Any CPU.ActiveCfg = Release|Any CPU
		{01C3BFE1-9688-4235-A9BD-994DEF3E996A}.Release|Any CPU.Build.0 = Release|Any CPU
	EndGlobalSection
	GlobalSection(SolutionProperties) = preSolution
		HideSolutionNode = FALSE
	EndGlobalSection
	GlobalSection(ExtensibilityGlobals) = postSolution
		SolutionGuid = {8497254A-6E6D-47B0-AD17-58F0D62FD1BC}
	EndGlobalSection
EndGlobal
